
Microsoft Visual Studio Solution File, Format Version 12.00
# Visual Studio 15
VisualStudioVersion = 15.0.26228.17
MinimumVisualStudioVersion = 10.0.40219.1
Project("{FAE04EC0-301F-11D3-BF4B-00C04F79EFBC}") = "KC.SPARTA.Web", "KC.SPARTA.Web\KC.SPARTA.Web.csproj", "{CC314D82-71D3-40C8-AA25-AEE5F2B53F7B}"
EndProject
Project("{FAE04EC0-301F-11D3-BF4B-00C04F79EFBC}") = "KC.SPARTA.Business", "KC.SPARTA.Business\KC.SPARTA.Business.csproj", "{71F06930-EDD6-4DBF-8869-F7D9E516ABEA}"
EndProject
Project("{FAE04EC0-301F-11D3-BF4B-00C04F79EFBC}") = "KC.SPARTA.Common", "KC.SPARTA.Common\KC.SPARTA.Common.csproj", "{76037D6E-2224-4075-8C3F-47650FB31363}"
EndProject
Project("{FAE04EC0-301F-11D3-BF4B-00C04F79EFBC}") = "KC.SPARTA.SpartaException", "KC.SPARTA.Exception\KC.SPARTA.SpartaException.csproj", "{249A912F-056A-4746-9AE4-CA536C485550}"
EndProject
Project("{FAE04EC0-301F-11D3-BF4B-00C04F79EFBC}") = "KC.SPARTA.Interface", "KC.SPARTA.Interface\KC.SPARTA.Interface.csproj", "{95962ED7-2D21-4A74-9CAA-97BDD721FC8F}"
EndProject
Project("{FAE04EC0-301F-11D3-BF4B-00C04F79EFBC}") = "KC.SPARTA.Logging", "KC.SPARTA.Logging\KC.SPARTA.Logging.csproj", "{CE649805-845E-4737-9500-2F3915810B02}"
EndProject
Project("{FAE04EC0-301F-11D3-BF4B-00C04F79EFBC}") = "KC.SPARTA.Model", "KC.SPARTA.Model\KC.SPARTA.Model.csproj", "{45657010-8AAC-4408-9164-CAD45878D04E}"
EndProject
Project("{FAE04EC0-301F-11D3-BF4B-00C04F79EFBC}") = "KC.SPARTA.Rule", "KC.SPARTA.Rule\KC.SPARTA.Rule.csproj", "{EA56010E-E8A2-48D3-8329-262481C40D53}"
EndProject
Project("{FAE04EC0-301F-11D3-BF4B-00C04F79EFBC}") = "KC.SPARTA.Authentication", "KC.SPARTA.Authentication\KC.SPARTA.Authentication.csproj", "{A8A78095-931E-4C85-A737-4706B19BB26B}"
EndProject
Project("{FAE04EC0-301F-11D3-BF4B-00C04F79EFBC}") = "KC.SPARTA.DataAccess", "KC.SPARTA.DataAccess\KC.SPARTA.DataAccess.csproj", "{0D6C976B-0DDF-4673-A31A-B591866385D9}"
EndProject
Global
	GlobalSection(SolutionConfigurationPlatforms) = preSolution
		Debug|Any CPU = Debug|Any CPU
		Dev|Any CPU = Dev|Any CPU
		Prod|Any CPU = Prod|Any CPU
		QA|Any CPU = QA|Any CPU
		Release|Any CPU = Release|Any CPU
		UAT|Any CPU = UAT|Any CPU
	EndGlobalSection
	GlobalSection(ProjectConfigurationPlatforms) = postSolution
		{CC314D82-71D3-40C8-AA25-AEE5F2B53F7B}.Debug|Any CPU.ActiveCfg = Debug|Any CPU
		{CC314D82-71D3-40C8-AA25-AEE5F2B53F7B}.Debug|Any CPU.Build.0 = Debug|Any CPU
		{CC314D82-71D3-40C8-AA25-AEE5F2B53F7B}.Dev|Any CPU.ActiveCfg = Dev|Any CPU
		{CC314D82-71D3-40C8-AA25-AEE5F2B53F7B}.Dev|Any CPU.Build.0 = Dev|Any CPU
		{CC314D82-71D3-40C8-AA25-AEE5F2B53F7B}.Prod|Any CPU.ActiveCfg = Prod|Any CPU
		{CC314D82-71D3-40C8-AA25-AEE5F2B53F7B}.Prod|Any CPU.Build.0 = Prod|Any CPU
		{CC314D82-71D3-40C8-AA25-AEE5F2B53F7B}.QA|Any CPU.ActiveCfg = QA|Any CPU
		{CC314D82-71D3-40C8-AA25-AEE5F2B53F7B}.QA|Any CPU.Build.0 = QA|Any CPU
		{CC314D82-71D3-40C8-AA25-AEE5F2B53F7B}.Release|Any CPU.ActiveCfg = Release|Any CPU
		{CC314D82-71D3-40C8-AA25-AEE5F2B53F7B}.Release|Any CPU.Build.0 = Release|Any CPU
		{CC314D82-71D3-40C8-AA25-AEE5F2B53F7B}.UAT|Any CPU.ActiveCfg = UAT|Any CPU
		{CC314D82-71D3-40C8-AA25-AEE5F2B53F7B}.UAT|Any CPU.Build.0 = UAT|Any CPU
		{71F06930-EDD6-4DBF-8869-F7D9E516ABEA}.Debug|Any CPU.ActiveCfg = Debug|Any CPU
		{71F06930-EDD6-4DBF-8869-F7D9E516ABEA}.Debug|Any CPU.Build.0 = Debug|Any CPU
		{71F06930-EDD6-4DBF-8869-F7D9E516ABEA}.Dev|Any CPU.ActiveCfg = Debug|Any CPU
		{71F06930-EDD6-4DBF-8869-F7D9E516ABEA}.Dev|Any CPU.Build.0 = Debug|Any CPU
		{71F06930-EDD6-4DBF-8869-F7D9E516ABEA}.Prod|Any CPU.ActiveCfg = Release|Any CPU
		{71F06930-EDD6-4DBF-8869-F7D9E516ABEA}.Prod|Any CPU.Build.0 = Release|Any CPU
		{71F06930-EDD6-4DBF-8869-F7D9E516ABEA}.QA|Any CPU.ActiveCfg = Release|Any CPU
		{71F06930-EDD6-4DBF-8869-F7D9E516ABEA}.QA|Any CPU.Build.0 = Release|Any CPU
		{71F06930-EDD6-4DBF-8869-F7D9E516ABEA}.Release|Any CPU.ActiveCfg = Release|Any CPU
		{71F06930-EDD6-4DBF-8869-F7D9E516ABEA}.Release|Any CPU.Build.0 = Release|Any CPU
		{71F06930-EDD6-4DBF-8869-F7D9E516ABEA}.UAT|Any CPU.ActiveCfg = Release|Any CPU
		{71F06930-EDD6-4DBF-8869-F7D9E516ABEA}.UAT|Any CPU.Build.0 = Release|Any CPU
		{76037D6E-2224-4075-8C3F-47650FB31363}.Debug|Any CPU.ActiveCfg = Debug|Any CPU
		{76037D6E-2224-4075-8C3F-47650FB31363}.Debug|Any CPU.Build.0 = Debug|Any CPU
		{76037D6E-2224-4075-8C3F-47650FB31363}.Dev|Any CPU.ActiveCfg = Debug|Any CPU
		{76037D6E-2224-4075-8C3F-47650FB31363}.Dev|Any CPU.Build.0 = Debug|Any CPU
		{76037D6E-2224-4075-8C3F-47650FB31363}.Prod|Any CPU.ActiveCfg = Release|Any CPU
		{76037D6E-2224-4075-8C3F-47650FB31363}.Prod|Any CPU.Build.0 = Release|Any CPU
		{76037D6E-2224-4075-8C3F-47650FB31363}.QA|Any CPU.ActiveCfg = Release|Any CPU
		{76037D6E-2224-4075-8C3F-47650FB31363}.QA|Any CPU.Build.0 = Release|Any CPU
		{76037D6E-2224-4075-8C3F-47650FB31363}.Release|Any CPU.ActiveCfg = Release|Any CPU
		{76037D6E-2224-4075-8C3F-47650FB31363}.Release|Any CPU.Build.0 = Release|Any CPU
		{76037D6E-2224-4075-8C3F-47650FB31363}.UAT|Any CPU.ActiveCfg = Release|Any CPU
		{76037D6E-2224-4075-8C3F-47650FB31363}.UAT|Any CPU.Build.0 = Release|Any CPU
		{249A912F-056A-4746-9AE4-CA536C485550}.Debug|Any CPU.ActiveCfg = Debug|Any CPU
		{249A912F-056A-4746-9AE4-CA536C485550}.Debug|Any CPU.Build.0 = Debug|Any CPU
		{249A912F-056A-4746-9AE4-CA536C485550}.Dev|Any CPU.ActiveCfg = Debug|Any CPU
		{249A912F-056A-4746-9AE4-CA536C485550}.Dev|Any CPU.Build.0 = Debug|Any CPU
		{249A912F-056A-4746-9AE4-CA536C485550}.Prod|Any CPU.ActiveCfg = Release|Any CPU
		{249A912F-056A-4746-9AE4-CA536C485550}.Prod|Any CPU.Build.0 = Release|Any CPU
		{249A912F-056A-4746-9AE4-CA536C485550}.QA|Any CPU.ActiveCfg = Release|Any CPU
		{249A912F-056A-4746-9AE4-CA536C485550}.QA|Any CPU.Build.0 = Release|Any CPU
		{249A912F-056A-4746-9AE4-CA536C485550}.Release|Any CPU.ActiveCfg = Release|Any CPU
		{249A912F-056A-4746-9AE4-CA536C485550}.Release|Any CPU.Build.0 = Release|Any CPU
		{249A912F-056A-4746-9AE4-CA536C485550}.UAT|Any CPU.ActiveCfg = Release|Any CPU
		{249A912F-056A-4746-9AE4-CA536C485550}.UAT|Any CPU.Build.0 = Release|Any CPU
		{95962ED7-2D21-4A74-9CAA-97BDD721FC8F}.Debug|Any CPU.ActiveCfg = Debug|Any CPU
		{95962ED7-2D21-4A74-9CAA-97BDD721FC8F}.Debug|Any CPU.Build.0 = Debug|Any CPU
		{95962ED7-2D21-4A74-9CAA-97BDD721FC8F}.Dev|Any CPU.ActiveCfg = Debug|Any CPU
		{95962ED7-2D21-4A74-9CAA-97BDD721FC8F}.Dev|Any CPU.Build.0 = Debug|Any CPU
		{95962ED7-2D21-4A74-9CAA-97BDD721FC8F}.Prod|Any CPU.ActiveCfg = Release|Any CPU
		{95962ED7-2D21-4A74-9CAA-97BDD721FC8F}.Prod|Any CPU.Build.0 = Release|Any CPU
		{95962ED7-2D21-4A74-9CAA-97BDD721FC8F}.QA|Any CPU.ActiveCfg = Release|Any CPU
		{95962ED7-2D21-4A74-9CAA-97BDD721FC8F}.QA|Any CPU.Build.0 = Release|Any CPU
		{95962ED7-2D21-4A74-9CAA-97BDD721FC8F}.Release|Any CPU.ActiveCfg = Release|Any CPU
		{95962ED7-2D21-4A74-9CAA-97BDD721FC8F}.Release|Any CPU.Build.0 = Release|Any CPU
		{95962ED7-2D21-4A74-9CAA-97BDD721FC8F}.UAT|Any CPU.ActiveCfg = Release|Any CPU
		{95962ED7-2D21-4A74-9CAA-97BDD721FC8F}.UAT|Any CPU.Build.0 = Release|Any CPU
		{CE649805-845E-4737-9500-2F3915810B02}.Debug|Any CPU.ActiveCfg = Debug|Any CPU
		{CE649805-845E-4737-9500-2F3915810B02}.Debug|Any CPU.Build.0 = Debug|Any CPU
		{CE649805-845E-4737-9500-2F3915810B02}.Dev|Any CPU.ActiveCfg = Debug|Any CPU
		{CE649805-845E-4737-9500-2F3915810B02}.Dev|Any CPU.Build.0 = Debug|Any CPU
		{CE649805-845E-4737-9500-2F3915810B02}.Prod|Any CPU.ActiveCfg = Release|Any CPU
		{CE649805-845E-4737-9500-2F3915810B02}.Prod|Any CPU.Build.0 = Release|Any CPU
		{CE649805-845E-4737-9500-2F3915810B02}.QA|Any CPU.ActiveCfg = Release|Any CPU
		{CE649805-845E-4737-9500-2F3915810B02}.QA|Any CPU.Build.0 = Release|Any CPU
		{CE649805-845E-4737-9500-2F3915810B02}.Release|Any CPU.ActiveCfg = Release|Any CPU
		{CE649805-845E-4737-9500-2F3915810B02}.Release|Any CPU.Build.0 = Release|Any CPU
		{CE649805-845E-4737-9500-2F3915810B02}.UAT|Any CPU.ActiveCfg = Release|Any CPU
		{CE649805-845E-4737-9500-2F3915810B02}.UAT|Any CPU.Build.0 = Release|Any CPU
		{45657010-8AAC-4408-9164-CAD45878D04E}.Debug|Any CPU.ActiveCfg = Debug|Any CPU
		{45657010-8AAC-4408-9164-CAD45878D04E}.Debug|Any CPU.Build.0 = Debug|Any CPU
		{45657010-8AAC-4408-9164-CAD45878D04E}.Dev|Any CPU.ActiveCfg = Debug|Any CPU
		{45657010-8AAC-4408-9164-CAD45878D04E}.Dev|Any CPU.Build.0 = Debug|Any CPU
		{45657010-8AAC-4408-9164-CAD45878D04E}.Prod|Any CPU.ActiveCfg = Release|Any CPU
		{45657010-8AAC-4408-9164-CAD45878D04E}.Prod|Any CPU.Build.0 = Release|Any CPU
		{45657010-8AAC-4408-9164-CAD45878D04E}.QA|Any CPU.ActiveCfg = Release|Any CPU
		{45657010-8AAC-4408-9164-CAD45878D04E}.QA|Any CPU.Build.0 = Release|Any CPU
		{45657010-8AAC-4408-9164-CAD45878D04E}.Release|Any CPU.ActiveCfg = Release|Any CPU
		{45657010-8AAC-4408-9164-CAD45878D04E}.Release|Any CPU.Build.0 = Release|Any CPU
		{45657010-8AAC-4408-9164-CAD45878D04E}.UAT|Any CPU.ActiveCfg = Release|Any CPU
		{45657010-8AAC-4408-9164-CAD45878D04E}.UAT|Any CPU.Build.0 = Release|Any CPU
		{EA56010E-E8A2-48D3-8329-262481C40D53}.Debug|Any CPU.ActiveCfg = Debug|Any CPU
		{EA56010E-E8A2-48D3-8329-262481C40D53}.Debug|Any CPU.Build.0 = Debug|Any CPU
		{EA56010E-E8A2-48D3-8329-262481C40D53}.Dev|Any CPU.ActiveCfg = Debug|Any CPU
		{EA56010E-E8A2-48D3-8329-262481C40D53}.Dev|Any CPU.Build.0 = Debug|Any CPU
		{EA56010E-E8A2-48D3-8329-262481C40D53}.Prod|Any CPU.ActiveCfg = Release|Any CPU
		{EA56010E-E8A2-48D3-8329-262481C40D53}.Prod|Any CPU.Build.0 = Release|Any CPU
		{EA56010E-E8A2-48D3-8329-262481C40D53}.QA|Any CPU.ActiveCfg = Release|Any CPU
		{EA56010E-E8A2-48D3-8329-262481C40D53}.QA|Any CPU.Build.0 = Release|Any CPU
		{EA56010E-E8A2-48D3-8329-262481C40D53}.Release|Any CPU.ActiveCfg = Release|Any CPU
		{EA56010E-E8A2-48D3-8329-262481C40D53}.Release|Any CPU.Build.0 = Release|Any CPU
		{EA56010E-E8A2-48D3-8329-262481C40D53}.UAT|Any CPU.ActiveCfg = Release|Any CPU
		{EA56010E-E8A2-48D3-8329-262481C40D53}.UAT|Any CPU.Build.0 = Release|Any CPU
		{A8A78095-931E-4C85-A737-4706B19BB26B}.Debug|Any CPU.ActiveCfg = Debug|Any CPU
		{A8A78095-931E-4C85-A737-4706B19BB26B}.Debug|Any CPU.Build.0 = Debug|Any CPU
		{A8A78095-931E-4C85-A737-4706B19BB26B}.Dev|Any CPU.ActiveCfg = Debug|Any CPU
		{A8A78095-931E-4C85-A737-4706B19BB26B}.Dev|Any CPU.Build.0 = Debug|Any CPU
		{A8A78095-931E-4C85-A737-4706B19BB26B}.Prod|Any CPU.ActiveCfg = Release|Any CPU
		{A8A78095-931E-4C85-A737-4706B19BB26B}.Prod|Any CPU.Build.0 = Release|Any CPU
		{A8A78095-931E-4C85-A737-4706B19BB26B}.QA|Any CPU.ActiveCfg = Release|Any CPU
		{A8A78095-931E-4C85-A737-4706B19BB26B}.QA|Any CPU.Build.0 = Release|Any CPU
		{A8A78095-931E-4C85-A737-4706B19BB26B}.Release|Any CPU.ActiveCfg = Release|Any CPU
		{A8A78095-931E-4C85-A737-4706B19BB26B}.Release|Any CPU.Build.0 = Release|Any CPU
		{A8A78095-931E-4C85-A737-4706B19BB26B}.UAT|Any CPU.ActiveCfg = Release|Any CPU
		{A8A78095-931E-4C85-A737-4706B19BB26B}.UAT|Any CPU.Build.0 = Release|Any CPU
		{0D6C976B-0DDF-4673-A31A-B591866385D9}.Debug|Any CPU.ActiveCfg = Debug|Any CPU
		{0D6C976B-0DDF-4673-A31A-B591866385D9}.Debug|Any CPU.Build.0 = Debug|Any CPU
		{0D6C976B-0DDF-4673-A31A-B591866385D9}.Dev|Any CPU.ActiveCfg = Debug|Any CPU
		{0D6C976B-0DDF-4673-A31A-B591866385D9}.Dev|Any CPU.Build.0 = Debug|Any CPU
		{0D6C976B-0DDF-4673-A31A-B591866385D9}.Prod|Any CPU.ActiveCfg = Release|Any CPU
		{0D6C976B-0DDF-4673-A31A-B591866385D9}.Prod|Any CPU.Build.0 = Release|Any CPU
		{0D6C976B-0DDF-4673-A31A-B591866385D9}.QA|Any CPU.ActiveCfg = Release|Any CPU
		{0D6C976B-0DDF-4673-A31A-B591866385D9}.QA|Any CPU.Build.0 = Release|Any CPU
		{0D6C976B-0DDF-4673-A31A-B591866385D9}.Release|Any CPU.ActiveCfg = Release|Any CPU
		{0D6C976B-0DDF-4673-A31A-B591866385D9}.Release|Any CPU.Build.0 = Release|Any CPU
		{0D6C976B-0DDF-4673-A31A-B591866385D9}.UAT|Any CPU.ActiveCfg = Release|Any CPU
		{0D6C976B-0DDF-4673-A31A-B591866385D9}.UAT|Any CPU.Build.0 = Release|Any CPU
	EndGlobalSection
	GlobalSection(SolutionProperties) = preSolution
		HideSolutionNode = FALSE
	EndGlobalSection
EndGlobal
